// !$*UTF8*$!
{
	archiveVersion = 1;
	classes = {
	};
	objectVersion = 46;
	objects = {

/* Begin PBXBuildFile section */
		3EAE6C231C7A4F0E00F0EDB8 /* AppDelegate.swift in Sources */ = {isa = PBXBuildFile; fileRef = 3EAE6C221C7A4F0E00F0EDB8 /* AppDelegate.swift */; };
		3EAE6C251C7A4F0E00F0EDB8 /* ViewController.swift in Sources */ = {isa = PBXBuildFile; fileRef = 3EAE6C241C7A4F0E00F0EDB8 /* ViewController.swift */; };
		3EAE6C281C7A4F0E00F0EDB8 /* Main.storyboard in Resources */ = {isa = PBXBuildFile; fileRef = 3EAE6C261C7A4F0E00F0EDB8 /* Main.storyboard */; };
		3EAE6C2A1C7A4F0E00F0EDB8 /* Assets.xcassets in Resources */ = {isa = PBXBuildFile; fileRef = 3EAE6C291C7A4F0E00F0EDB8 /* Assets.xcassets */; };
		3EAE6C2D1C7A4F0E00F0EDB8 /* LaunchScreen.storyboard in Resources */ = {isa = PBXBuildFile; fileRef = 3EAE6C2B1C7A4F0E00F0EDB8 /* LaunchScreen.storyboard */; };
		3EAE6C381C7A4F0E00F0EDB8 /* CLTypingLabelTests.swift in Sources */ = {isa = PBXBuildFile; fileRef = 3EAE6C371C7A4F0E00F0EDB8 /* CLTypingLabelTests.swift */; };
/* End PBXBuildFile section */

/* Begin PBXContainerItemProxy section */
		3EAE6C341C7A4F0E00F0EDB8 /* PBXContainerItemProxy */ = {
			isa = PBXContainerItemProxy;
			containerPortal = 3EAE6C171C7A4F0E00F0EDB8 /* Project object */;
			proxyType = 1;
			remoteGlobalIDString = 3EAE6C1E1C7A4F0E00F0EDB8;
			remoteInfo = CLTypingLabel;
		};
/* End PBXContainerItemProxy section */

/* Begin PBXFileReference section */
		3EAE6C1F1C7A4F0E00F0EDB8 /* CLTypingLabel.app */ = {isa = PBXFileReference; explicitFileType = wrapper.application; includeInIndex = 0; path = CLTypingLabel.app; sourceTree = BUILT_PRODUCTS_DIR; };
		3EAE6C221C7A4F0E00F0EDB8 /* AppDelegate.swift */ = {isa = PBXFileReference; lastKnownFileType = sourcecode.swift; path = AppDelegate.swift; sourceTree = "<group>"; };
		3EAE6C241C7A4F0E00F0EDB8 /* ViewController.swift */ = {isa = PBXFileReference; lastKnownFileType = sourcecode.swift; path = ViewController.swift; sourceTree = "<group>"; };
		3EAE6C271C7A4F0E00F0EDB8 /* Base */ = {isa = PBXFileReference; lastKnownFileType = file.storyboard; name = Base; path = Base.lproj/Main.storyboard; sourceTree = "<group>"; };
		3EAE6C291C7A4F0E00F0EDB8 /* Assets.xcassets */ = {isa = PBXFileReference; lastKnownFileType = folder.assetcatalog; path = Assets.xcassets; sourceTree = "<group>"; };
		3EAE6C2C1C7A4F0E00F0EDB8 /* Base */ = {isa = PBXFileReference; lastKnownFileType = file.storyboard; name = Base; path = Base.lproj/LaunchScreen.storyboard; sourceTree = "<group>"; };
		3EAE6C2E1C7A4F0E00F0EDB8 /* Info.plist */ = {isa = PBXFileReference; lastKnownFileType = text.plist.xml; path = Info.plist; sourceTree = "<group>"; };
		3EAE6C331C7A4F0E00F0EDB8 /* CLTypingLabelTests.xctest */ = {isa = PBXFileReference; explicitFileType = wrapper.cfbundle; includeInIndex = 0; path = CLTypingLabelTests.xctest; sourceTree = BUILT_PRODUCTS_DIR; };
		3EAE6C371C7A4F0E00F0EDB8 /* CLTypingLabelTests.swift */ = {isa = PBXFileReference; lastKnownFileType = sourcecode.swift; path = CLTypingLabelTests.swift; sourceTree = "<group>"; };
		3EAE6C391C7A4F0E00F0EDB8 /* Info.plist */ = {isa = PBXFileReference; lastKnownFileType = text.plist.xml; path = Info.plist; sourceTree = "<group>"; };
/* End PBXFileReference section */

/* Begin PBXFrameworksBuildPhase section */
		3EAE6C1C1C7A4F0E00F0EDB8 /* Frameworks */ = {
			isa = PBXFrameworksBuildPhase;
			buildActionMask = 2147483647;
			files = (
			);
			runOnlyForDeploymentPostprocessing = 0;
		};
		3EAE6C301C7A4F0E00F0EDB8 /* Frameworks */ = {
			isa = PBXFrameworksBuildPhase;
			buildActionMask = 2147483647;
			files = (
			);
			runOnlyForDeploymentPostprocessing = 0;
		};
/* End PBXFrameworksBuildPhase section */

/* Begin PBXGroup section */
		3EAE6C161C7A4F0E00F0EDB8 = {
			isa = PBXGroup;
			children = (
				3EAE6C211C7A4F0E00F0EDB8 /* CLTypingLabel */,
				3EAE6C361C7A4F0E00F0EDB8 /* CLTypingLabelTests */,
				3EAE6C201C7A4F0E00F0EDB8 /* Products */,
			);
			sourceTree = "<group>";
		};
		3EAE6C201C7A4F0E00F0EDB8 /* Products */ = {
			isa = PBXGroup;
			children = (
				3EAE6C1F1C7A4F0E00F0EDB8 /* CLTypingLabel.app */,
				3EAE6C331C7A4F0E00F0EDB8 /* CLTypingLabelTests.xctest */,
			);
			name = Products;
			sourceTree = "<group>";
		};
		3EAE6C211C7A4F0E00F0EDB8 /* CLTypingLabel */ = {
			isa = PBXGroup;
			children = (
				3EAE6C221C7A4F0E00F0EDB8 /* AppDelegate.swift */,
				3EAE6C241C7A4F0E00F0EDB8 /* ViewController.swift */,
				3EAE6C261C7A4F0E00F0EDB8 /* Main.storyboard */,
				3EAE6C291C7A4F0E00F0EDB8 /* Assets.xcassets */,
				3EAE6C2B1C7A4F0E00F0EDB8 /* LaunchScreen.storyboard */,
				3EAE6C2E1C7A4F0E00F0EDB8 /* Info.plist */,
			);
			path = CLTypingLabel;
			sourceTree = "<group>";
		};
		3EAE6C361C7A4F0E00F0EDB8 /* CLTypingLabelTests */ = {
			isa = PBXGroup;
			children = (
				3EAE6C371C7A4F0E00F0EDB8 /* CLTypingLabelTests.swift */,
				3EAE6C391C7A4F0E00F0EDB8 /* Info.plist */,
			);
			path = CLTypingLabelTests;
			sourceTree = "<group>";
		};
/* End PBXGroup section */

/* Begin PBXNativeTarget section */
		3EAE6C1E1C7A4F0E00F0EDB8 /* CLTypingLabel */ = {
			isa = PBXNativeTarget;
			buildConfigurationList = 3EAE6C3C1C7A4F0E00F0EDB8 /* Build configuration list for PBXNativeTarget "CLTypingLabel" */;
			buildPhases = (
				3EAE6C1B1C7A4F0E00F0EDB8 /* Sources */,
				3EAE6C1C1C7A4F0E00F0EDB8 /* Frameworks */,
				3EAE6C1D1C7A4F0E00F0EDB8 /* Resources */,
			);
			buildRules = (
			);
			dependencies = (
			);
			name = CLTypingLabel;
			productName = CLTypingLabel;
			productReference = 3EAE6C1F1C7A4F0E00F0EDB8 /* CLTypingLabel.app */;
			productType = "com.apple.product-type.application";
		};
		3EAE6C321C7A4F0E00F0EDB8 /* CLTypingLabelTests */ = {
			isa = PBXNativeTarget;
			buildConfigurationList = 3EAE6C3F1C7A4F0E00F0EDB8 /* Build configuration list for PBXNativeTarget "CLTypingLabelTests" */;
			buildPhases = (
				3EAE6C2F1C7A4F0E00F0EDB8 /* Sources */,
				3EAE6C301C7A4F0E00F0EDB8 /* Frameworks */,
				3EAE6C311C7A4F0E00F0EDB8 /* Resources */,
			);
			buildRules = (
			);
			dependencies = (
				3EAE6C351C7A4F0E00F0EDB8 /* PBXTargetDependency */,
			);
			name = CLTypingLabelTests;
			productName = CLTypingLabelTests;
			productReference = 3EAE6C331C7A4F0E00F0EDB8 /* CLTypingLabelTests.xctest */;
			productType = "com.apple.product-type.bundle.unit-test";
		};
/* End PBXNativeTarget section */

/* Begin PBXProject section */
		3EAE6C171C7A4F0E00F0EDB8 /* Project object */ = {
			isa = PBXProject;
			attributes = {
				LastSwiftUpdateCheck = 0720;
				LastUpgradeCheck = 0720;
				ORGANIZATIONNAME = Chenglin;
				TargetAttributes = {
					3EAE6C1E1C7A4F0E00F0EDB8 = {
						CreatedOnToolsVersion = 7.2.1;
					};
					3EAE6C321C7A4F0E00F0EDB8 = {
						CreatedOnToolsVersion = 7.2.1;
						TestTargetID = 3EAE6C1E1C7A4F0E00F0EDB8;
					};
				};
			};
			buildConfigurationList = 3EAE6C1A1C7A4F0E00F0EDB8 /* Build configuration list for PBXProject "CLTypingLabel" */;
			compatibilityVersion = "Xcode 3.2";
			developmentRegion = English;
			hasScannedForEncodings = 0;
			knownRegions = (
				en,
				Base,
			);
			mainGroup = 3EAE6C161C7A4F0E00F0EDB8;
			productRefGroup = 3EAE6C201C7A4F0E00F0EDB8 /* Products */;
			projectDirPath = "";
			projectRoot = "";
			targets = (
				3EAE6C1E1C7A4F0E00F0EDB8 /* CLTypingLabel */,
				3EAE6C321C7A4F0E00F0EDB8 /* CLTypingLabelTests */,
			);
		};
/* End PBXProject section */

/* Begin PBXResourcesBuildPhase section */
		3EAE6C1D1C7A4F0E00F0EDB8 /* Resources */ = {
			isa = PBXResourcesBuildPhase;
			buildActionMask = 2147483647;
			files = (
				3EAE6C2D1C7A4F0E00F0EDB8 /* LaunchScreen.storyboard in Resources */,
				3EAE6C2A1C7A4F0E00F0EDB8 /* Assets.xcassets in Resources */,
				3EAE6C281C7A4F0E00F0EDB8 /* Main.storyboard in Resources */,
			);
			runOnlyForDeploymentPostprocessing = 0;
		};
		3EAE6C311C7A4F0E00F0EDB8 /* Resources */ = {
			isa = PBXResourcesBuildPhase;
			buildActionMask = 2147483647;
			files = (
			);
			runOnlyForDeploymentPostprocessing = 0;
		};
/* End PBXResourcesBuildPhase section */

/* Begin PBXSourcesBuildPhase section */
		3EAE6C1B1C7A4F0E00F0EDB8 /* Sources */ = {
			isa = PBXSourcesBuildPhase;
			buildActionMask = 2147483647;
			files = (
				3EAE6C251C7A4F0E00F0EDB8 /* ViewController.swift in Sources */,
				3EAE6C231C7A4F0E00F0EDB8 /* AppDelegate.swift in Sources */,
			);
			runOnlyForDeploymentPostprocessing = 0;
		};
		3EAE6C2F1C7A4F0E00F0EDB8 /* Sources */ = {
			isa = PBXSourcesBuildPhase;
			buildActionMask = 2147483647;
			files = (
				3EAE6C381C7A4F0E00F0EDB8 /* CLTypingLabelTests.swift in Sources */,
			);
			runOnlyForDeploymentPostprocessing = 0;
		};
/* End PBXSourcesBuildPhase section */

/* Begin PBXTargetDependency section */
		3EAE6C351C7A4F0E00F0EDB8 /* PBXTargetDependency */ = {
			isa = PBXTargetDependency;
			target = 3EAE6C1E1C7A4F0E00F0EDB8 /* CLTypingLabel */;
			targetProxy = 3EAE6C341C7A4F0E00F0EDB8 /* PBXContainerItemProxy */;
		};
/* End PBXTargetDependency section */

/* Begin PBXVariantGroup section */
		3EAE6C261C7A4F0E00F0EDB8 /* Main.storyboard */ = {
			isa = PBXVariantGroup;
			children = (
				3EAE6C271C7A4F0E00F0EDB8 /* Base */,
			);
			name = Main.storyboard;
			sourceTree = "<group>";
		};
		3EAE6C2B1C7A4F0E00F0EDB8 /* LaunchScreen.storyboard */ = {
			isa = PBXVariantGroup;
			children = (
				3EAE6C2C1C7A4F0E00F0EDB8 /* Base */,
			);
			name = LaunchScreen.storyboard;
			sourceTree = "<group>";
		};
/* End PBXVariantGroup section */

/* Begin XCBuildConfiguration section */
		3EAE6C3A1C7A4F0E00F0EDB8 /* Debug */ = {
			isa = XCBuildConfiguration;
			buildSettings = {
				ALWAYS_SEARCH_USER_PATHS = NO;
				CLANG_CXX_LANGUAGE_STANDARD = "gnu++0x";
				CLANG_CXX_LIBRARY = "libc++";
				CLANG_ENABLE_MODULES = YES;
				CLANG_ENABLE_OBJC_ARC = YES;
				CLANG_WARN_BOOL_CONVERSION = YES;
				CLANG_WARN_CONSTANT_CONVERSION = YES;
				CLANG_WARN_DIRECT_OBJC_ISA_USAGE = YES_ERROR;
				CLANG_WARN_EMPTY_BODY = YES;
				CLANG_WARN_ENUM_CONVERSION = YES;
				CLANG_WARN_INT_CONVERSION = YES;
				CLANG_WARN_OBJC_ROOT_CLASS = YES_ERROR;
				CLANG_WARN_UNREACHABLE_CODE = YES;
				CLANG_WARN__DUPLICATE_METHOD_MATCH = YES;
				"CODE_SIGN_IDENTITY[sdk=iphoneos*]" = "iPhone Developer";
				COPY_PHASE_STRIP = NO;
				DEBUG_INFORMATION_FORMAT = dwarf;
				ENABLE_STRICT_OBJC_MSGSEND = YES;
				ENABLE_TESTABILITY = YES;
				GCC_C_LANGUAGE_STANDARD = gnu99;
				GCC_DYNAMIC_NO_PIC = NO;
				GCC_NO_COMMON_BLOCKS = YES;
				GCC_OPTIMIZATION_LEVEL = 0;
				GCC_PREPROCESSOR_DEFINITIONS = (
					"DEBUG=1",
					"$(inherited)",
				);
				GCC_WARN_64_TO_32_BIT_CONVERSION = YES;
				GCC_WARN_ABOUT_RETURN_TYPE = YES_ERROR;
				GCC_WARN_UNDECLARED_SELECTOR = YES;
				GCC_WARN_UNINITIALIZED_AUTOS = YES_AGGRESSIVE;
				GCC_WARN_UNUSED_FUNCTION = YES;
				GCC_WARN_UNUSED_VARIABLE = YES;
				IPHONEOS_DEPLOYMENT_TARGET = 9.2;
				MTL_ENABLE_DEBUG_INFO = YES;
				ONLY_ACTIVE_ARCH = YES;
				SDKROOT = iphoneos;
				SWIFT_OPTIMIZATION_LEVEL = "-Onone";
				TARGETED_DEVICE_FAMILY = "1,2";
			};
			name = Debug;
		};
		3EAE6C3B1C7A4F0E00F0EDB8 /* Release */ = {
			isa = XCBuildConfiguration;
			buildSettings = {
				ALWAYS_SEARCH_USER_PATHS = NO;
				CLANG_CXX_LANGUAGE_STANDARD = "gnu++0x";
				CLANG_CXX_LIBRARY = "libc++";
				CLANG_ENABLE_MODULES = YES;
				CLANG_ENABLE_OBJC_ARC = YES;
				CLANG_WARN_BOOL_CONVERSION = YES;
				CLANG_WARN_CONSTANT_CONVERSION = YES;
				CLANG_WARN_DIRECT_OBJC_ISA_USAGE = YES_ERROR;
				CLANG_WARN_EMPTY_BODY = YES;
				CLANG_WARN_ENUM_CONVERSION = YES;
				CLANG_WARN_INT_CONVERSION = YES;
				CLANG_WARN_OBJC_ROOT_CLASS = YES_ERROR;
				CLANG_WARN_UNREACHABLE_CODE = YES;
				CLANG_WARN__DUPLICATE_METHOD_MATCH = YES;
				"CODE_SIGN_IDENTITY[sdk=iphoneos*]" = "iPhone Developer";
				COPY_PHASE_STRIP = NO;
				DEBUG_INFORMATION_FORMAT = "dwarf-with-dsym";
				ENABLE_NS_ASSERTIONS = NO;
				ENABLE_STRICT_OBJC_MSGSEND = YES;
				GCC_C_LANGUAGE_STANDARD = gnu99;
				GCC_NO_COMMON_BLOCKS = YES;
				GCC_WARN_64_TO_32_BIT_CONVERSION = YES;
				GCC_WARN_ABOUT_RETURN_TYPE = YES_ERROR;
				GCC_WARN_UNDECLARED_SELECTOR = YES;
				GCC_WARN_UNINITIALIZED_AUTOS = YES_AGGRESSIVE;
				GCC_WARN_UNUSED_FUNCTION = YES;
				GCC_WARN_UNUSED_VARIABLE = YES;
				IPHONEOS_DEPLOYMENT_TARGET = 9.2;
				MTL_ENABLE_DEBUG_INFO = NO;
				SDKROOT = iphoneos;
				TARGETED_DEVICE_FAMILY = "1,2";
				VALIDATE_PRODUCT = YES;
			};
			name = Release;
		};
		3EAE6C3D1C7A4F0E00F0EDB8 /* Debug */ = {
			isa = XCBuildConfiguration;
			buildSettings = {
				ASSETCATALOG_COMPILER_APPICON_NAME = AppIcon;
				INFOPLIST_FILE = CLTypingLabel/Info.plist;
				LD_RUNPATH_SEARCH_PATHS = "$(inherited) @executable_path/Frameworks";
				PRODUCT_BUNDLE_IDENTIFIER = com.chenglin..CLTypingLabel;
				PRODUCT_NAME = "$(TARGET_NAME)";
			};
			name = Debug;
		};
		3EAE6C3E1C7A4F0E00F0EDB8 /* Release */ = {
			isa = XCBuildConfiguration;
			buildSettings = {
				ASSETCATALOG_COMPILER_APPICON_NAME = AppIcon;
				INFOPLIST_FILE = CLTypingLabel/Info.plist;
				LD_RUNPATH_SEARCH_PATHS = "$(inherited) @executable_path/Frameworks";
				PRODUCT_BUNDLE_IDENTIFIER = com.chenglin..CLTypingLabel;
				PRODUCT_NAME = "$(TARGET_NAME)";
			};
			name = Release;
		};
		3EAE6C401C7A4F0E00F0EDB8 /* Debug */ = {
			isa = XCBuildConfiguration;
			buildSettings = {
				BUNDLE_LOADER = "$(TEST_HOST)";
				INFOPLIST_FILE = CLTypingLabelTests/Info.plist;
				LD_RUNPATH_SEARCH_PATHS = "$(inherited) @executable_path/Frameworks @loader_path/Frameworks";
				PRODUCT_BUNDLE_IDENTIFIER = com.chenglin..CLTypingLabelTests;
				PRODUCT_NAME = "$(TARGET_NAME)";
				TEST_HOST = "$(BUILT_PRODUCTS_DIR)/CLTypingLabel.app/CLTypingLabel";
			};
			name = Debug;
		};
		3EAE6C411C7A4F0E00F0EDB8 /* Release */ = {
			isa = XCBuildConfiguration;
			buildSettings = {
				BUNDLE_LOADER = "$(TEST_HOST)";
				INFOPLIST_FILE = CLTypingLabelTests/Info.plist;
				LD_RUNPATH_SEARCH_PATHS = "$(inherited) @executable_path/Frameworks @loader_path/Frameworks";
				PRODUCT_BUNDLE_IDENTIFIER = com.chenglin..CLTypingLabelTests;
				PRODUCT_NAME = "$(TARGET_NAME)";
				TEST_HOST = "$(BUILT_PRODUCTS_DIR)/CLTypingLabel.app/CLTypingLabel";
			};
			name = Release;
		};
/* End XCBuildConfiguration section */

/* Begin XCConfigurationList section */
		3EAE6C1A1C7A4F0E00F0EDB8 /* Build configuration list for PBXProject "CLTypingLabel" */ = {
			isa = XCConfigurationList;
			buildConfigurations = (
				3EAE6C3A1C7A4F0E00F0EDB8 /* Debug */,
				3EAE6C3B1C7A4F0E00F0EDB8 /* Release */,
			);
			defaultConfigurationIsVisible = 0;
			defaultConfigurationName = Release;
		};
		3EAE6C3C1C7A4F0E00F0EDB8 /* Build configuration list for PBXNativeTarget "CLTypingLabel" */ = {
			isa = XCConfigurationList;
			buildConfigurations = (
				3EAE6C3D1C7A4F0E00F0EDB8 /* Debug */,
				3EAE6C3E1C7A4F0E00F0EDB8 /* Release */,
			);
			defaultConfigurationIsVisible = 0;
		};
		3EAE6C3F1C7A4F0E00F0EDB8 /* Build configuration list for PBXNativeTarget "CLTypingLabelTests" */ = {
			isa = XCConfigurationList;
			buildConfigurations = (
				3EAE6C401C7A4F0E00F0EDB8 /* Debug */,
				3EAE6C411C7A4F0E00F0EDB8 /* Release */,
			);
			defaultConfigurationIsVisible = 0;
		};
/* End XCConfigurationList section */
	};
	rootObject = 3EAE6C171C7A4F0E00F0EDB8 /* Project object */;
}
